// !$*UTF8*$!
{
	archiveVersion = 1;
	classes = {
	};
	objectVersion = 46;
	objects = {

/* Begin PBXBuildFile section */
		F60D4A621A399A6400F5B405 /* AppDelegate.swift in Sources */ = {isa = PBXBuildFile; fileRef = F60D4A611A399A6400F5B405 /* AppDelegate.swift */; };
		F60D4A641A399A6400F5B405 /* ViewController.swift in Sources */ = {isa = PBXBuildFile; fileRef = F60D4A631A399A6400F5B405 /* ViewController.swift */; };
		F60D4A671A399A6400F5B405 /* Main.storyboard in Resources */ = {isa = PBXBuildFile; fileRef = F60D4A651A399A6400F5B405 /* Main.storyboard */; };
		F60D4A691A399A6400F5B405 /* Images.xcassets in Resources */ = {isa = PBXBuildFile; fileRef = F60D4A681A399A6400F5B405 /* Images.xcassets */; };
		F60D4A6C1A399A6400F5B405 /* LaunchScreen.xib in Resources */ = {isa = PBXBuildFile; fileRef = F60D4A6A1A399A6400F5B405 /* LaunchScreen.xib */; };
		F60D4A781A399A6400F5B405 /* CustomKeyboardWithoutExtensionTests.swift in Sources */ = {isa = PBXBuildFile; fileRef = F60D4A771A399A6400F5B405 /* CustomKeyboardWithoutExtensionTests.swift */; };
/* End PBXBuildFile section */

/* Begin PBXContainerItemProxy section */
		F60D4A721A399A6400F5B405 /* PBXContainerItemProxy */ = {
			isa = PBXContainerItemProxy;
			containerPortal = F60D4A541A399A6400F5B405 /* Project object */;
			proxyType = 1;
			remoteGlobalIDString = F60D4A5B1A399A6400F5B405;
			remoteInfo = CustomKeyboardWithoutExtension;
		};
/* End PBXContainerItemProxy section */

/* Begin PBXFileReference section */
		F60D4A5C1A399A6400F5B405 /* CustomKeyboardWithoutExtension.app */ = {isa = PBXFileReference; explicitFileType = wrapper.application; includeInIndex = 0; path = CustomKeyboardWithoutExtension.app; sourceTree = BUILT_PRODUCTS_DIR; };
		F60D4A601A399A6400F5B405 /* Info.plist */ = {isa = PBXFileReference; lastKnownFileType = text.plist.xml; path = Info.plist; sourceTree = "<group>"; };
		F60D4A611A399A6400F5B405 /* AppDelegate.swift */ = {isa = PBXFileReference; lastKnownFileType = sourcecode.swift; path = AppDelegate.swift; sourceTree = "<group>"; };
		F60D4A631A399A6400F5B405 /* ViewController.swift */ = {isa = PBXFileReference; lastKnownFileType = sourcecode.swift; path = ViewController.swift; sourceTree = "<group>"; };
		F60D4A661A399A6400F5B405 /* Base */ = {isa = PBXFileReference; lastKnownFileType = file.storyboard; name = Base; path = Base.lproj/Main.storyboard; sourceTree = "<group>"; };
		F60D4A681A399A6400F5B405 /* Images.xcassets */ = {isa = PBXFileReference; lastKnownFileType = folder.assetcatalog; path = Images.xcassets; sourceTree = "<group>"; };
		F60D4A6B1A399A6400F5B405 /* Base */ = {isa = PBXFileReference; lastKnownFileType = file.xib; name = Base; path = Base.lproj/LaunchScreen.xib; sourceTree = "<group>"; };
		F60D4A711A399A6400F5B405 /* CustomKeyboardWithoutExtensionTests.xctest */ = {isa = PBXFileReference; explicitFileType = wrapper.cfbundle; includeInIndex = 0; path = CustomKeyboardWithoutExtensionTests.xctest; sourceTree = BUILT_PRODUCTS_DIR; };
		F60D4A761A399A6400F5B405 /* Info.plist */ = {isa = PBXFileReference; lastKnownFileType = text.plist.xml; path = Info.plist; sourceTree = "<group>"; };
		F60D4A771A399A6400F5B405 /* CustomKeyboardWithoutExtensionTests.swift */ = {isa = PBXFileReference; lastKnownFileType = sourcecode.swift; path = CustomKeyboardWithoutExtensionTests.swift; sourceTree = "<group>"; };
/* End PBXFileReference section */

/* Begin PBXFrameworksBuildPhase section */
		F60D4A591A399A6400F5B405 /* Frameworks */ = {
			isa = PBXFrameworksBuildPhase;
			buildActionMask = 2147483647;
			files = (
			);
			runOnlyForDeploymentPostprocessing = 0;
		};
		F60D4A6E1A399A6400F5B405 /* Frameworks */ = {
			isa = PBXFrameworksBuildPhase;
			buildActionMask = 2147483647;
			files = (
			);
			runOnlyForDeploymentPostprocessing = 0;
		};
/* End PBXFrameworksBuildPhase section */

/* Begin PBXGroup section */
		F60D4A531A399A6400F5B405 = {
			isa = PBXGroup;
			children = (
				F60D4A5E1A399A6400F5B405 /* CustomKeyboardWithoutExtension */,
				F60D4A741A399A6400F5B405 /* CustomKeyboardWithoutExtensionTests */,
				F60D4A5D1A399A6400F5B405 /* Products */,
			);
			sourceTree = "<group>";
		};
		F60D4A5D1A399A6400F5B405 /* Products */ = {
			isa = PBXGroup;
			children = (
				F60D4A5C1A399A6400F5B405 /* CustomKeyboardWithoutExtension.app */,
				F60D4A711A399A6400F5B405 /* CustomKeyboardWithoutExtensionTests.xctest */,
			);
			name = Products;
			sourceTree = "<group>";
		};
		F60D4A5E1A399A6400F5B405 /* CustomKeyboardWithoutExtension */ = {
			isa = PBXGroup;
			children = (
				F60D4A611A399A6400F5B405 /* AppDelegate.swift */,
				F60D4A631A399A6400F5B405 /* ViewController.swift */,
				F60D4A651A399A6400F5B405 /* Main.storyboard */,
				F60D4A681A399A6400F5B405 /* Images.xcassets */,
				F60D4A6A1A399A6400F5B405 /* LaunchScreen.xib */,
				F60D4A5F1A399A6400F5B405 /* Supporting Files */,
			);
			path = CustomKeyboardWithoutExtension;
			sourceTree = "<group>";
		};
		F60D4A5F1A399A6400F5B405 /* Supporting Files */ = {
			isa = PBXGroup;
			children = (
				F60D4A601A399A6400F5B405 /* Info.plist */,
			);
			name = "Supporting Files";
			sourceTree = "<group>";
		};
		F60D4A741A399A6400F5B405 /* CustomKeyboardWithoutExtensionTests */ = {
			isa = PBXGroup;
			children = (
				F60D4A771A399A6400F5B405 /* CustomKeyboardWithoutExtensionTests.swift */,
				F60D4A751A399A6400F5B405 /* Supporting Files */,
			);
			path = CustomKeyboardWithoutExtensionTests;
			sourceTree = "<group>";
		};
		F60D4A751A399A6400F5B405 /* Supporting Files */ = {
			isa = PBXGroup;
			children = (
				F60D4A761A399A6400F5B405 /* Info.plist */,
			);
			name = "Supporting Files";
			sourceTree = "<group>";
		};
/* End PBXGroup section */

/* Begin PBXNativeTarget section */
		F60D4A5B1A399A6400F5B405 /* CustomKeyboardWithoutExtension */ = {
			isa = PBXNativeTarget;
			buildConfigurationList = F60D4A7B1A399A6400F5B405 /* Build configuration list for PBXNativeTarget "CustomKeyboardWithoutExtension" */;
			buildPhases = (
				F60D4A581A399A6400F5B405 /* Sources */,
				F60D4A591A399A6400F5B405 /* Frameworks */,
				F60D4A5A1A399A6400F5B405 /* Resources */,
			);
			buildRules = (
			);
			dependencies = (
			);
			name = CustomKeyboardWithoutExtension;
			productName = CustomKeyboardWithoutExtension;
			productReference = F60D4A5C1A399A6400F5B405 /* CustomKeyboardWithoutExtension.app */;
			productType = "com.apple.product-type.application";
		};
		F60D4A701A399A6400F5B405 /* CustomKeyboardWithoutExtensionTests */ = {
			isa = PBXNativeTarget;
			buildConfigurationList = F60D4A7E1A399A6400F5B405 /* Build configuration list for PBXNativeTarget "CustomKeyboardWithoutExtensionTests" */;
			buildPhases = (
				F60D4A6D1A399A6400F5B405 /* Sources */,
				F60D4A6E1A399A6400F5B405 /* Frameworks */,
				F60D4A6F1A399A6400F5B405 /* Resources */,
			);
			buildRules = (
			);
			dependencies = (
				F60D4A731A399A6400F5B405 /* PBXTargetDependency */,
			);
			name = CustomKeyboardWithoutExtensionTests;
			productName = CustomKeyboardWithoutExtensionTests;
			productReference = F60D4A711A399A6400F5B405 /* CustomKeyboardWithoutExtensionTests.xctest */;
			productType = "com.apple.product-type.bundle.unit-test";
		};
/* End PBXNativeTarget section */

/* Begin PBXProject section */
		F60D4A541A399A6400F5B405 /* Project object */ = {
			isa = PBXProject;
			attributes = {
				LastUpgradeCheck = 0610;
				ORGANIZATIONNAME = haranicle;
				TargetAttributes = {
					F60D4A5B1A399A6400F5B405 = {
						CreatedOnToolsVersion = 6.1.1;
					};
					F60D4A701A399A6400F5B405 = {
						CreatedOnToolsVersion = 6.1.1;
						TestTargetID = F60D4A5B1A399A6400F5B405;
					};
				};
			};
			buildConfigurationList = F60D4A571A399A6400F5B405 /* Build configuration list for PBXProject "CustomKeyboardWithoutExtension" */;
			compatibilityVersion = "Xcode 3.2";
			developmentRegion = English;
			hasScannedForEncodings = 0;
			knownRegions = (
				en,
				Base,
			);
			mainGroup = F60D4A531A399A6400F5B405;
			productRefGroup = F60D4A5D1A399A6400F5B405 /* Products */;
			projectDirPath = "";
			projectRoot = "";
			targets = (
				F60D4A5B1A399A6400F5B405 /* CustomKeyboardWithoutExtension */,
				F60D4A701A399A6400F5B405 /* CustomKeyboardWithoutExtensionTests */,
			);
		};
/* End PBXProject section */

/* Begin PBXResourcesBuildPhase section */
		F60D4A5A1A399A6400F5B405 /* Resources */ = {
			isa = PBXResourcesBuildPhase;
			buildActionMask = 2147483647;
			files = (
				F60D4A671A399A6400F5B405 /* Main.storyboard in Resources */,
				F60D4A6C1A399A6400F5B405 /* LaunchScreen.xib in Resources */,
				F60D4A691A399A6400F5B405 /* Images.xcassets in Resources */,
			);
			runOnlyForDeploymentPostprocessing = 0;
		};
		F60D4A6F1A399A6400F5B405 /* Resources */ = {
			isa = PBXResourcesBuildPhase;
			buildActionMask = 2147483647;
			files = (
			);
			runOnlyForDeploymentPostprocessing = 0;
		};
/* End PBXResourcesBuildPhase section */

/* Begin PBXSourcesBuildPhase section */
		F60D4A581A399A6400F5B405 /* Sources */ = {
			isa = PBXSourcesBuildPhase;
			buildActionMask = 2147483647;
			files = (
				F60D4A641A399A6400F5B405 /* ViewController.swift in Sources */,
				F60D4A621A399A6400F5B405 /* AppDelegate.swift in Sources */,
			);
			runOnlyForDeploymentPostprocessing = 0;
		};
		F60D4A6D1A399A6400F5B405 /* Sources */ = {
			isa = PBXSourcesBuildPhase;
			buildActionMask = 2147483647;
			files = (
				F60D4A781A399A6400F5B405 /* CustomKeyboardWithoutExtensionTests.swift in Sources */,
			);
			runOnlyForDeploymentPostprocessing = 0;
		};
/* End PBXSourcesBuildPhase section */

/* Begin PBXTargetDependency section */
		F60D4A731A399A6400F5B405 /* PBXTargetDependency */ = {
			isa = PBXTargetDependency;
			target = F60D4A5B1A399A6400F5B405 /* CustomKeyboardWithoutExtension */;
			targetProxy = F60D4A721A399A6400F5B405 /* PBXContainerItemProxy */;
		};
/* End PBXTargetDependency section */

/* Begin PBXVariantGroup section */
		F60D4A651A399A6400F5B405 /* Main.storyboard */ = {
			isa = PBXVariantGroup;
			children = (
				F60D4A661A399A6400F5B405 /* Base */,
			);
			name = Main.storyboard;
			sourceTree = "<group>";
		};
		F60D4A6A1A399A6400F5B405 /* LaunchScreen.xib */ = {
			isa = PBXVariantGroup;
			children = (
				F60D4A6B1A399A6400F5B405 /* Base */,
			);
			name = LaunchScreen.xib;
			sourceTree = "<group>";
		};
/* End PBXVariantGroup section */

/* Begin XCBuildConfiguration section */
		F60D4A791A399A6400F5B405 /* Debug */ = {
			isa = XCBuildConfiguration;
			buildSettings = {
				ALWAYS_SEARCH_USER_PATHS = NO;
				CLANG_CXX_LANGUAGE_STANDARD = "gnu++0x";
				CLANG_CXX_LIBRARY = "libc++";
				CLANG_ENABLE_MODULES = YES;
				CLANG_ENABLE_OBJC_ARC = YES;
				CLANG_WARN_BOOL_CONVERSION = YES;
				CLANG_WARN_CONSTANT_CONVERSION = YES;
				CLANG_WARN_DIRECT_OBJC_ISA_USAGE = YES_ERROR;
				CLANG_WARN_EMPTY_BODY = YES;
				CLANG_WARN_ENUM_CONVERSION = YES;
				CLANG_WARN_INT_CONVERSION = YES;
				CLANG_WARN_OBJC_ROOT_CLASS = YES_ERROR;
				CLANG_WARN_UNREACHABLE_CODE = YES;
				CLANG_WARN__DUPLICATE_METHOD_MATCH = YES;
				"CODE_SIGN_IDENTITY[sdk=iphoneos*]" = "iPhone Developer";
				COPY_PHASE_STRIP = NO;
				ENABLE_STRICT_OBJC_MSGSEND = YES;
				GCC_C_LANGUAGE_STANDARD = gnu99;
				GCC_DYNAMIC_NO_PIC = NO;
				GCC_OPTIMIZATION_LEVEL = 0;
				GCC_PREPROCESSOR_DEFINITIONS = (
					"DEBUG=1",
					"$(inherited)",
				);
				GCC_SYMBOLS_PRIVATE_EXTERN = NO;
				GCC_WARN_64_TO_32_BIT_CONVERSION = YES;
				GCC_WARN_ABOUT_RETURN_TYPE = YES_ERROR;
				GCC_WARN_UNDECLARED_SELECTOR = YES;
				GCC_WARN_UNINITIALIZED_AUTOS = YES_AGGRESSIVE;
				GCC_WARN_UNUSED_FUNCTION = YES;
				GCC_WARN_UNUSED_VARIABLE = YES;
				IPHONEOS_DEPLOYMENT_TARGET = 8.1;
				MTL_ENABLE_DEBUG_INFO = YES;
				ONLY_ACTIVE_ARCH = YES;
				SDKROOT = iphoneos;
				SWIFT_OPTIMIZATION_LEVEL = "-Onone";
				TARGETED_DEVICE_FAMILY = "1,2";
			};
			name = Debug;
		};
		F60D4A7A1A399A6400F5B405 /* Release */ = {
			isa = XCBuildConfiguration;
			buildSettings = {
				ALWAYS_SEARCH_USER_PATHS = NO;
				CLANG_CXX_LANGUAGE_STANDARD = "gnu++0x";
				CLANG_CXX_LIBRARY = "libc++";
				CLANG_ENABLE_MODULES = YES;
				CLANG_ENABLE_OBJC_ARC = YES;
				CLANG_WARN_BOOL_CONVERSION = YES;
				CLANG_WARN_CONSTANT_CONVERSION = YES;
				CLANG_WARN_DIRECT_OBJC_ISA_USAGE = YES_ERROR;
				CLANG_WARN_EMPTY_BODY = YES;
				CLANG_WARN_ENUM_CONVERSION = YES;
				CLANG_WARN_INT_CONVERSION = YES;
				CLANG_WARN_OBJC_ROOT_CLASS = YES_ERROR;
				CLANG_WARN_UNREACHABLE_CODE = YES;
				CLANG_WARN__DUPLICATE_METHOD_MATCH = YES;
				"CODE_SIGN_IDENTITY[sdk=iphoneos*]" = "iPhone Developer";
				COPY_PHASE_STRIP = YES;
				ENABLE_NS_ASSERTIONS = NO;
				ENABLE_STRICT_OBJC_MSGSEND = YES;
				GCC_C_LANGUAGE_STANDARD = gnu99;
				GCC_WARN_64_TO_32_BIT_CONVERSION = YES;
				GCC_WARN_ABOUT_RETURN_TYPE = YES_ERROR;
				GCC_WARN_UNDECLARED_SELECTOR = YES;
				GCC_WARN_UNINITIALIZED_AUTOS = YES_AGGRESSIVE;
				GCC_WARN_UNUSED_FUNCTION = YES;
				GCC_WARN_UNUSED_VARIABLE = YES;
				IPHONEOS_DEPLOYMENT_TARGET = 8.1;
				MTL_ENABLE_DEBUG_INFO = NO;
				SDKROOT = iphoneos;
				TARGETED_DEVICE_FAMILY = "1,2";
				VALIDATE_PRODUCT = YES;
			};
			name = Release;
		};
		F60D4A7C1A399A6400F5B405 /* Debug */ = {
			isa = XCBuildConfiguration;
			buildSettings = {
				ASSETCATALOG_COMPILER_APPICON_NAME = AppIcon;
				INFOPLIST_FILE = CustomKeyboardWithoutExtension/Info.plist;
				LD_RUNPATH_SEARCH_PATHS = "$(inherited) @executable_path/Frameworks";
				PRODUCT_NAME = "$(TARGET_NAME)";
			};
			name = Debug;
		};
		F60D4A7D1A399A6400F5B405 /* Release */ = {
			isa = XCBuildConfiguration;
			buildSettings = {
				ASSETCATALOG_COMPILER_APPICON_NAME = AppIcon;
				INFOPLIST_FILE = CustomKeyboardWithoutExtension/Info.plist;
				LD_RUNPATH_SEARCH_PATHS = "$(inherited) @executable_path/Frameworks";
				PRODUCT_NAME = "$(TARGET_NAME)";
			};
			name = Release;
		};
		F60D4A7F1A399A6400F5B405 /* Debug */ = {
			isa = XCBuildConfiguration;
			buildSettings = {
				BUNDLE_LOADER = "$(TEST_HOST)";
				FRAMEWORK_SEARCH_PATHS = (
					"$(SDKROOT)/Developer/Library/Frameworks",
					"$(inherited)",
				);
				GCC_PREPROCESSOR_DEFINITIONS = (
					"DEBUG=1",
					"$(inherited)",
				);
				INFOPLIST_FILE = CustomKeyboardWithoutExtensionTests/Info.plist;
				LD_RUNPATH_SEARCH_PATHS = "$(inherited) @executable_path/Frameworks @loader_path/Frameworks";
				PRODUCT_NAME = "$(TARGET_NAME)";
				TEST_HOST = "$(BUILT_PRODUCTS_DIR)/CustomKeyboardWithoutExtension.app/CustomKeyboardWithoutExtension";
			};
			name = Debug;
		};
		F60D4A801A399A6400F5B405 /* Release */ = {
			isa = XCBuildConfiguration;
			buildSettings = {
				BUNDLE_LOADER = "$(TEST_HOST)";
				FRAMEWORK_SEARCH_PATHS = (
					"$(SDKROOT)/Developer/Library/Frameworks",
					"$(inherited)",
				);
				INFOPLIST_FILE = CustomKeyboardWithoutExtensionTests/Info.plist;
				LD_RUNPATH_SEARCH_PATHS = "$(inherited) @executable_path/Frameworks @loader_path/Frameworks";
				PRODUCT_NAME = "$(TARGET_NAME)";
				TEST_HOST = "$(BUILT_PRODUCTS_DIR)/CustomKeyboardWithoutExtension.app/CustomKeyboardWithoutExtension";
			};
			name = Release;
		};
/* End XCBuildConfiguration section */

/* Begin XCConfigurationList section */
		F60D4A571A399A6400F5B405 /* Build configuration list for PBXProject "CustomKeyboardWithoutExtension" */ = {
			isa = XCConfigurationList;
			buildConfigurations = (
				F60D4A791A399A6400F5B405 /* Debug */,
				F60D4A7A1A399A6400F5B405 /* Release */,
			);
			defaultConfigurationIsVisible = 0;
			defaultConfigurationName = Release;
		};
		F60D4A7B1A399A6400F5B405 /* Build configuration list for PBXNativeTarget "CustomKeyboardWithoutExtension" */ = {
			isa = XCConfigurationList;
			buildConfigurations = (
				F60D4A7C1A399A6400F5B405 /* Debug */,
				F60D4A7D1A399A6400F5B405 /* Release */,
			);
			defaultConfigurationIsVisible = 0;
			defaultConfigurationName = Release;
		};
		F60D4A7E1A399A6400F5B405 /* Build configuration list for PBXNativeTarget "CustomKeyboardWithoutExtensionTests" */ = {
			isa = XCConfigurationList;
			buildConfigurations = (
				F60D4A7F1A399A6400F5B405 /* Debug */,
				F60D4A801A399A6400F5B405 /* Release */,
			);
			defaultConfigurationIsVisible = 0;
			defaultConfigurationName = Release;
		};
/* End XCConfigurationList section */
	};
	rootObject = F60D4A541A399A6400F5B405 /* Project object */;
}
